<?xml version="1.0" encoding="utf-8"?>
<Project ToolsVersion="4.0" xmlns="http://schemas.microsoft.com/developer/msbuild/2003">
  <ItemGroup>
    <Filter Include="Ohajiki">
      <UniqueIdentifier>{67b0da84-72d5-4eae-b740-e19d562f64fe}</UniqueIdentifier>
    </Filter>
    <Filter Include="Scene">
      <UniqueIdentifier>{b65a144b-85bb-4daa-acec-80911759fdce}</UniqueIdentifier>
    </Filter>
    <Filter Include="Scene\Factory">
      <UniqueIdentifier>{e2a6b0ee-c263-421c-b2d4-b4c20d5c590c}</UniqueIdentifier>
    </Filter>
    <Filter Include="Scene\Game">
      <UniqueIdentifier>{8cf3b211-c39f-4c24-abb8-eccb1892f7f2}</UniqueIdentifier>
    </Filter>
    <Filter Include="Scene\Title">
      <UniqueIdentifier>{72dd64f8-1ef0-4190-a2af-3fd119dc1343}</UniqueIdentifier>
    </Filter>
    <Filter Include="Scene\Clear">
      <UniqueIdentifier>{49dce8ec-004c-46eb-8b9d-696525df8342}</UniqueIdentifier>
    </Filter>
    <Filter Include="GameObject">
      <UniqueIdentifier>{07cf5123-4df6-4bde-a81c-5ddc05e55159}</UniqueIdentifier>
    </Filter>
    <Filter Include="GameObject\Planet">
      <UniqueIdentifier>{2704ce5c-2fd6-4376-92a3-34cd885e6c5e}</UniqueIdentifier>
    </Filter>
    <Filter Include="GameObject\Player">
      <UniqueIdentifier>{f178b8d8-a32d-4bc8-92b8-4f4f7f9623a0}</UniqueIdentifier>
    </Filter>
  </ItemGroup>
  <ItemGroup>
    <ClCompile Include="Ohajiki\Ohajiki.cpp">
      <Filter>Ohajiki</Filter>
    </ClCompile>
    <ClCompile Include="main.cpp" />
    <ClCompile Include="Scene\Factory\SceneFactory.cpp">
      <Filter>Scene\Factory</Filter>
    </ClCompile>
    <ClCompile Include="Scene\Clear\ClearScene.cpp">
      <Filter>Scene\Clear</Filter>
    </ClCompile>
    <ClCompile Include="Scene\Game\GameScene.cpp">
      <Filter>Scene\Game</Filter>
    </ClCompile>
    <ClCompile Include="Scene\Title\TitleScene.cpp">
      <Filter>Scene\Title</Filter>
    </ClCompile>
    <ClCompile Include="Skydome.cpp" />
    <ClCompile Include="BasePlanet.cpp">
      <Filter>GameObject\Planet</Filter>
    </ClCompile>
    <ClCompile Include="Jupiter.cpp">
      <Filter>GameObject\Planet</Filter>
    </ClCompile>
    <ClCompile Include="Mars.cpp">
      <Filter>GameObject\Planet</Filter>
    </ClCompile>
    <ClCompile Include="Mercury.cpp">
      <Filter>GameObject\Planet</Filter>
    </ClCompile>
    <ClCompile Include="Saturn.cpp">
      <Filter>GameObject\Planet</Filter>
    </ClCompile>
    <ClCompile Include="Solar.cpp">
      <Filter>GameObject\Planet</Filter>
    </ClCompile>
    <ClCompile Include="Venus.cpp">
      <Filter>GameObject\Planet</Filter>
    </ClCompile>
    <ClCompile Include="Earth.cpp">
      <Filter>GameObject\Player</Filter>
    </ClCompile>
    <ClCompile Include="ImplFollowEye.cpp" />
  </ItemGroup>
  <ItemGroup>
    <ClInclude Include="Ohajiki\Ohajiki.h">
      <Filter>Ohajiki</Filter>
    </ClInclude>
    <ClInclude Include="Scene\Factory\SceneFactory.h">
      <Filter>Scene\Factory</Filter>
    </ClInclude>
    <ClInclude Include="Scene\Clear\ClearScene.h">
      <Filter>Scene\Clear</Filter>
    </ClInclude>
    <ClInclude Include="Scene\Game\GameScene.h">
      <Filter>Scene\Game</Filter>
    </ClInclude>
    <ClInclude Include="Scene\Title\TitleScene.h">
      <Filter>Scene\Title</Filter>
    </ClInclude>
    <ClInclude Include="Skydome.h" />
    <ClInclude Include="BasePlanet.h">
      <Filter>GameObject\Planet</Filter>
    </ClInclude>
    <ClInclude Include="Jupiter.h">
      <Filter>GameObject\Planet</Filter>
    </ClInclude>
    <ClInclude Include="Mars.h">
      <Filter>GameObject\Planet</Filter>
    </ClInclude>
    <ClInclude Include="Mercury.h">
      <Filter>GameObject\Planet</Filter>
    </ClInclude>
    <ClInclude Include="Saturn.h">
      <Filter>GameObject\Planet</Filter>
    </ClInclude>
    <ClInclude Include="Solar.h">
      <Filter>GameObject\Planet</Filter>
    </ClInclude>
    <ClInclude Include="Venus.h">
      <Filter>GameObject\Planet</Filter>
    </ClInclude>
    <ClInclude Include="Earth.h">
      <Filter>GameObject\Player</Filter>
    </ClInclude>
    <ClInclude Include="ImplFollowEye.h" />
  </ItemGroup>
</Project>