
Microsoft Visual Studio Solution File, Format Version 12.00
# Visual Studio Version 17
VisualStudioVersion = 17.12.35527.113 d17.12
MinimumVisualStudioVersion = 10.0.40219.1
Project("{8BC9CEB8-8B4A-11D0-8D11-00A0C91BC942}") = "Game", "Game.vcxproj", "{D5B9D6CE-BF54-48CD-ACF8-61C0D7C5021A}"
EndProject
Project("{8BC9CEB8-8B4A-11D0-8D11-00A0C91BC942}") = "Engine", "..\Externals\GEDX12\Engine\Engine.vcxproj", "{9FD2D32D-DAB0-40A1-B430-CBC12517B87C}"
EndProject
Project("{8BC9CEB8-8B4A-11D0-8D11-00A0C91BC942}") = "ImGui", "..\Externals\GEDX12\Engine\Externals\ImGui\ImGui.vcxproj", "{F83F6C46-AEE0-480C-95FC-2319E6FEB02B}"
EndProject
Project("{8BC9CEB8-8B4A-11D0-8D11-00A0C91BC942}") = "DirectXTex", "..\Externals\GEDX12\Engine\Externals\DirectXTex\DirectXTex_Desktop_2022_Win10.vcxproj", "{371B9FA9-4C90-4AC6-A123-ACED756D6C77}"
EndProject
Project("{2150E333-8FDC-42A3-9474-1A3956D46DE8}") = "Externals", "Externals", "{B3398F9D-5A55-4A52-9D51-7823C21EA703}"
EndProject
Project("{8BC9CEB8-8B4A-11D0-8D11-00A0C91BC942}") = "VecMat", "..\Externals\GEDX12\Engine\Externals\VectorMatrix\Project\VecMat.vcxproj", "{A87AD77F-CC08-4788-8630-68470354FCD3}"
EndProject
Global
	GlobalSection(SolutionConfigurationPlatforms) = preSolution
		Debug|x64 = Debug|x64
		Debug|x86 = Debug|x86
		Release|x64 = Release|x64
		Release|x86 = Release|x86
	EndGlobalSection
	GlobalSection(ProjectConfigurationPlatforms) = postSolution
		{D5B9D6CE-BF54-48CD-ACF8-61C0D7C5021A}.Debug|x64.ActiveCfg = Debug|x64
		{D5B9D6CE-BF54-48CD-ACF8-61C0D7C5021A}.Debug|x64.Build.0 = Debug|x64
		{D5B9D6CE-BF54-48CD-ACF8-61C0D7C5021A}.Debug|x86.ActiveCfg = Debug|Win32
		{D5B9D6CE-BF54-48CD-ACF8-61C0D7C5021A}.Debug|x86.Build.0 = Debug|Win32
		{D5B9D6CE-BF54-48CD-ACF8-61C0D7C5021A}.Release|x64.ActiveCfg = Release|x64
		{D5B9D6CE-BF54-48CD-ACF8-61C0D7C5021A}.Release|x64.Build.0 = Release|x64
		{D5B9D6CE-BF54-48CD-ACF8-61C0D7C5021A}.Release|x86.ActiveCfg = Release|Win32
		{D5B9D6CE-BF54-48CD-ACF8-61C0D7C5021A}.Release|x86.Build.0 = Release|Win32
		{9FD2D32D-DAB0-40A1-B430-CBC12517B87C}.Debug|x64.ActiveCfg = Debug|x64
		{9FD2D32D-DAB0-40A1-B430-CBC12517B87C}.Debug|x64.Build.0 = Debug|x64
		{9FD2D32D-DAB0-40A1-B430-CBC12517B87C}.Debug|x86.ActiveCfg = Debug|x64
		{9FD2D32D-DAB0-40A1-B430-CBC12517B87C}.Debug|x86.Build.0 = Debug|x64
		{9FD2D32D-DAB0-40A1-B430-CBC12517B87C}.Release|x64.ActiveCfg = Release|x64
		{9FD2D32D-DAB0-40A1-B430-CBC12517B87C}.Release|x64.Build.0 = Release|x64
		{9FD2D32D-DAB0-40A1-B430-CBC12517B87C}.Release|x86.ActiveCfg = Release|x64
		{9FD2D32D-DAB0-40A1-B430-CBC12517B87C}.Release|x86.Build.0 = Release|x64
		{F83F6C46-AEE0-480C-95FC-2319E6FEB02B}.Debug|x64.ActiveCfg = Debug|x64
		{F83F6C46-AEE0-480C-95FC-2319E6FEB02B}.Debug|x64.Build.0 = Debug|x64
		{F83F6C46-AEE0-480C-95FC-2319E6FEB02B}.Debug|x86.ActiveCfg = Debug|x64
		{F83F6C46-AEE0-480C-95FC-2319E6FEB02B}.Debug|x86.Build.0 = Debug|x64
		{F83F6C46-AEE0-480C-95FC-2319E6FEB02B}.Release|x64.ActiveCfg = Release|x64
		{F83F6C46-AEE0-480C-95FC-2319E6FEB02B}.Release|x64.Build.0 = Release|x64
		{F83F6C46-AEE0-480C-95FC-2319E6FEB02B}.Release|x86.ActiveCfg = Release|x64
		{F83F6C46-AEE0-480C-95FC-2319E6FEB02B}.Release|x86.Build.0 = Release|x64
		{371B9FA9-4C90-4AC6-A123-ACED756D6C77}.Debug|x64.ActiveCfg = Debug|x64
		{371B9FA9-4C90-4AC6-A123-ACED756D6C77}.Debug|x64.Build.0 = Debug|x64
		{371B9FA9-4C90-4AC6-A123-ACED756D6C77}.Debug|x86.ActiveCfg = Debug|x64
		{371B9FA9-4C90-4AC6-A123-ACED756D6C77}.Debug|x86.Build.0 = Debug|x64
		{371B9FA9-4C90-4AC6-A123-ACED756D6C77}.Release|x64.ActiveCfg = Release|x64
		{371B9FA9-4C90-4AC6-A123-ACED756D6C77}.Release|x64.Build.0 = Release|x64
		{371B9FA9-4C90-4AC6-A123-ACED756D6C77}.Release|x86.ActiveCfg = Release|x64
		{371B9FA9-4C90-4AC6-A123-ACED756D6C77}.Release|x86.Build.0 = Release|x64
		{A87AD77F-CC08-4788-8630-68470354FCD3}.Debug|x64.ActiveCfg = Debug|x64
		{A87AD77F-CC08-4788-8630-68470354FCD3}.Debug|x64.Build.0 = Debug|x64
		{A87AD77F-CC08-4788-8630-68470354FCD3}.Debug|x86.ActiveCfg = Debug|x64
		{A87AD77F-CC08-4788-8630-68470354FCD3}.Debug|x86.Build.0 = Debug|x64
		{A87AD77F-CC08-4788-8630-68470354FCD3}.Release|x64.ActiveCfg = Release|x64
		{A87AD77F-CC08-4788-8630-68470354FCD3}.Release|x64.Build.0 = Release|x64
		{A87AD77F-CC08-4788-8630-68470354FCD3}.Release|x86.ActiveCfg = Release|x64
		{A87AD77F-CC08-4788-8630-68470354FCD3}.Release|x86.Build.0 = Release|x64
	EndGlobalSection
	GlobalSection(SolutionProperties) = preSolution
		HideSolutionNode = FALSE
	EndGlobalSection
	GlobalSection(NestedProjects) = preSolution
		{9FD2D32D-DAB0-40A1-B430-CBC12517B87C} = {B3398F9D-5A55-4A52-9D51-7823C21EA703}
		{F83F6C46-AEE0-480C-95FC-2319E6FEB02B} = {B3398F9D-5A55-4A52-9D51-7823C21EA703}
		{371B9FA9-4C90-4AC6-A123-ACED756D6C77} = {B3398F9D-5A55-4A52-9D51-7823C21EA703}
		{A87AD77F-CC08-4788-8630-68470354FCD3} = {B3398F9D-5A55-4A52-9D51-7823C21EA703}
	EndGlobalSection
EndGlobal
